// !$*UTF8*$!
{
	archiveVersion = 1;
	classes = {
	};
	objectVersion = 77;
	objects = {

/* Begin PBXBuildFile section */
		32C8B56E2F822036002E6746 /* Pulse in Frameworks */ = {isa = PBXBuildFile; productRef = 9A934ECB2F54194E0063349A /* Pulse */; };
		32C8B5702F822036002E6746 /* PulseUI in Frameworks */ = {isa = PBXBuildFile; productRef = 9A934ECD2F54194E0063349A /* PulseUI */; };
		32C8B5712F822036002E6746 /* Logging in Frameworks */ = {isa = PBXBuildFile; productRef = 32C8B5812F822036002E6746 /* Logging */; };
		32C8B5722F822036002E6746 /* PulseLogHandler in Frameworks */ = {isa = PBXBuildFile; productRef = 32C8B5822F822036002E6746 /* PulseLogHandler */; };
		32C8B5732F822036002E6746 /* Logging in Frameworks */ = {isa = PBXBuildFile; productRef = 32C8B5832F822036002E6746 /* Logging */; };
		B7A1000121C34D5600AA1101 /* ZipArchive in Frameworks */ = {isa = PBXBuildFile; productRef = B7A1000321C34D5600AA1101 /* ZipArchive */; };
		B7A1000221C34D5600AA1101 /* ZipArchive in Frameworks */ = {isa = PBXBuildFile; productRef = B7A1000421C34D5600AA1101 /* ZipArchive */; };
/* End PBXBuildFile section */

/* Begin PBXContainerItemProxy section */
		9A934EAC2F54194E0063349A /* PBXContainerItemProxy */ = {
			isa = PBXContainerItemProxy;
			containerPortal = 9A934E922F54194D0063349A /* Project object */;
			proxyType = 1;
			remoteGlobalIDString = 9A934E992F54194D0063349A;
			remoteInfo = LiShu;
		};
		9A934EB62F54194E0063349A /* PBXContainerItemProxy */ = {
			isa = PBXContainerItemProxy;
			containerPortal = 9A934E922F54194D0063349A /* Project object */;
			proxyType = 1;
			remoteGlobalIDString = 9A934E992F54194D0063349A;
			remoteInfo = LiShu;
		};
/* End PBXContainerItemProxy section */

/* Begin PBXFileReference section */
		9A934E9A2F54194D0063349A /* LiShu.app */ = {isa = PBXFileReference; explicitFileType = wrapper.application; includeInIndex = 0; path = LiShu.app; sourceTree = BUILT_PRODUCTS_DIR; };
		9A934EAB2F54194E0063349A /* LiShuTests.xctest */ = {isa = PBXFileReference; explicitFileType = wrapper.cfbundle; includeInIndex = 0; path = LiShuTests.xctest; sourceTree = BUILT_PRODUCTS_DIR; };
		9A934EB52F54194E0063349A /* LiShuUITests.xctest */ = {isa = PBXFileReference; explicitFileType = wrapper.cfbundle; includeInIndex = 0; path = LiShuUITests.xctest; sourceTree = BUILT_PRODUCTS_DIR; };
/* End PBXFileReference section */

/* Begin PBXFileSystemSynchronizedBuildFileExceptionSet section */
		9A934EBD2F54194E0063349A /* Exceptions for "LiShu" folder in "LiShu" target */ = {
			isa = PBXFileSystemSynchronizedBuildFileExceptionSet;
			membershipExceptions = (
				Info.plist,
			);
			target = 9A934E992F54194D0063349A /* LiShu */;
		};
/* End PBXFileSystemSynchronizedBuildFileExceptionSet section */

/* Begin PBXFileSystemSynchronizedRootGroup section */
		9A934E9C2F54194D0063349A /* LiShu */ = {
			isa = PBXFileSystemSynchronizedRootGroup;
			exceptions = (
				9A934EBD2F54194E0063349A /* Exceptions for "LiShu" folder in "LiShu" target */,
			);
			path = LiShu;
			sourceTree = "<group>";
		};
		9A934EAE2F54194E0063349A /* LiShuTests */ = {
			isa = PBXFileSystemSynchronizedRootGroup;
			path = LiShuTests;
			sourceTree = "<group>";
		};
		9A934EB82F54194E0063349A /* LiShuUITests */ = {
			isa = PBXFileSystemSynchronizedRootGroup;
			path = LiShuUITests;
			sourceTree = "<group>";
		};
/* End PBXFileSystemSynchronizedRootGroup section */

/* Begin PBXFrameworksBuildPhase section */
		9A934E972F54194D0063349A /* Frameworks */ = {
			isa = PBXFrameworksBuildPhase;
			buildActionMask = 2147483647;
			files = (
				32C8B5722F822036002E6746 /* PulseLogHandler in Frameworks */,
				32C8B5712F822036002E6746 /* Logging in Frameworks */,
				32C8B5702F822036002E6746 /* PulseUI in Frameworks */,
				32C8B56E2F822036002E6746 /* Pulse in Frameworks */,
				B7A1000121C34D5600AA1101 /* ZipArchive in Frameworks */,
			);
			runOnlyForDeploymentPostprocessing = 0;
		};
		9A934EA82F54194E0063349A /* Frameworks */ = {
			isa = PBXFrameworksBuildPhase;
			buildActionMask = 2147483647;
			files = (
				32C8B5732F822036002E6746 /* Logging in Frameworks */,
				B7A1000221C34D5600AA1101 /* ZipArchive in Frameworks */,
			);
			runOnlyForDeploymentPostprocessing = 0;
		};
		9A934EB22F54194E0063349A /* Frameworks */ = {
			isa = PBXFrameworksBuildPhase;
			buildActionMask = 2147483647;
			files = (
			);
			runOnlyForDeploymentPostprocessing = 0;
		};
/* End PBXFrameworksBuildPhase section */

/* Begin PBXGroup section */
		9A934E912F54194D0063349A = {
			isa = PBXGroup;
			children = (
				9A934E9C2F54194D0063349A /* LiShu */,
				9A934EAE2F54194E0063349A /* LiShuTests */,
				9A934EB82F54194E0063349A /* LiShuUITests */,
				9A934E9B2F54194D0063349A /* Products */,
			);
			sourceTree = "<group>";
		};
		9A934E9B2F54194D0063349A /* Products */ = {
			isa = PBXGroup;
			children = (
				9A934E9A2F54194D0063349A /* LiShu.app */,
				9A934EAB2F54194E0063349A /* LiShuTests.xctest */,
				9A934EB52F54194E0063349A /* LiShuUITests.xctest */,
			);
			name = Products;
			sourceTree = "<group>";
		};
/* End PBXGroup section */

/* Begin PBXNativeTarget section */
		9A934E992F54194D0063349A /* LiShu */ = {
			isa = PBXNativeTarget;
			buildConfigurationList = 9A934EBE2F54194E0063349A /* Build configuration list for PBXNativeTarget "LiShu" */;
			buildPhases = (
				32C8B5852F822036002E6747 /* Run SwiftLint */,
				9A934E962F54194D0063349A /* Sources */,
				9A934E972F54194D0063349A /* Frameworks */,
				9A934E982F54194D0063349A /* Resources */,
				F0C0A1B22D3E4F5600010001 /* Embed Git Commit Info */,
				9A934EC92F54194E0063349A /* Strip ScreenshotDemo for Release */,
			);
			buildRules = (
			);
			dependencies = (
			);
			fileSystemSynchronizedGroups = (
				9A934E9C2F54194D0063349A /* LiShu */,
			);
			name = LiShu;
			packageProductDependencies = (
				32C8B5812F822036002E6746 /* Logging */,
				9A934ECB2F54194E0063349A /* Pulse */,
				32C8B5822F822036002E6746 /* PulseLogHandler */,
				9A934ECD2F54194E0063349A /* PulseUI */,
				B7A1000321C34D5600AA1101 /* ZipArchive */,
			);
			productName = LiShu;
			productReference = 9A934E9A2F54194D0063349A /* LiShu.app */;
			productType = "com.apple.product-type.application";
		};
		9A934EAA2F54194E0063349A /* LiShuTests */ = {
			isa = PBXNativeTarget;
			buildConfigurationList = 9A934EC32F54194E0063349A /* Build configuration list for PBXNativeTarget "LiShuTests" */;
			buildPhases = (
				9A934EA72F54194E0063349A /* Sources */,
				9A934EA82F54194E0063349A /* Frameworks */,
				9A934EA92F54194E0063349A /* Resources */,
			);
			buildRules = (
			);
			dependencies = (
				9A934EAD2F54194E0063349A /* PBXTargetDependency */,
			);
			fileSystemSynchronizedGroups = (
				9A934EAE2F54194E0063349A /* LiShuTests */,
			);
			name = LiShuTests;
			packageProductDependencies = (
				32C8B5832F822036002E6746 /* Logging */,
				B7A1000421C34D5600AA1101 /* ZipArchive */,
			);
			productName = LiShuTests;
			productReference = 9A934EAB2F54194E0063349A /* LiShuTests.xctest */;
			productType = "com.apple.product-type.bundle.unit-test";
		};
		9A934EB42F54194E0063349A /* LiShuUITests */ = {
			isa = PBXNativeTarget;
			buildConfigurationList = 9A934EC62F54194E0063349A /* Build configuration list for PBXNativeTarget "LiShuUITests" */;
			buildPhases = (
				9A934EB12F54194E0063349A /* Sources */,
				9A934EB22F54194E0063349A /* Frameworks */,
				9A934EB32F54194E0063349A /* Resources */,
			);
			buildRules = (
			);
			dependencies = (
				9A934EB72F54194E0063349A /* PBXTargetDependency */,
			);
			fileSystemSynchronizedGroups = (
				9A934EB82F54194E0063349A /* LiShuUITests */,
			);
			name = LiShuUITests;
			packageProductDependencies = (
			);
			productName = LiShuUITests;
			productReference = 9A934EB52F54194E0063349A /* LiShuUITests.xctest */;
			productType = "com.apple.product-type.bundle.ui-testing";
		};
/* End PBXNativeTarget section */

/* Begin PBXProject section */
		9A934E922F54194D0063349A /* Project object */ = {
			isa = PBXProject;
			attributes = {
				BuildIndependentTargetsInParallel = 1;
				LastSwiftUpdateCheck = 2630;
				LastUpgradeCheck = 2630;
				TargetAttributes = {
					9A934E992F54194D0063349A = {
						CreatedOnToolsVersion = 26.3;
					};
					9A934EAA2F54194E0063349A = {
						CreatedOnToolsVersion = 26.3;
						TestTargetID = 9A934E992F54194D0063349A;
					};
					9A934EB42F54194E0063349A = {
						CreatedOnToolsVersion = 26.3;
						TestTargetID = 9A934E992F54194D0063349A;
					};
				};
			};
			buildConfigurationList = 9A934E952F54194D0063349A /* Build configuration list for PBXProject "LiShu" */;
			developmentRegion = "zh-Hans";
			hasScannedForEncodings = 0;
			knownRegions = (
				"zh-Hans",
				en,
				Base,
			);
			mainGroup = 9A934E912F54194D0063349A;
			minimizedProjectReferenceProxies = 1;
			packageReferences = (
				9A934ECA2F54194E0063349A /* XCRemoteSwiftPackageReference "Pulse" */,
				32C8B57F2F822036002E6746 /* XCRemoteSwiftPackageReference "swift-log" */,
				32C8B5802F822036002E6746 /* XCRemoteSwiftPackageReference "PulseLogHandler" */,
				B7A1000521C34D5600AA1101 /* XCRemoteSwiftPackageReference "ZipArchive" */,
			);
			preferredProjectObjectVersion = 77;
			productRefGroup = 9A934E9B2F54194D0063349A /* Products */;
			projectDirPath = "";
			projectRoot = "";
			targets = (
				9A934E992F54194D0063349A /* LiShu */,
				9A934EAA2F54194E0063349A /* LiShuTests */,
				9A934EB42F54194E0063349A /* LiShuUITests */,
			);
		};
/* End PBXProject section */

/* Begin PBXResourcesBuildPhase section */
		9A934E982F54194D0063349A /* Resources */ = {
			isa = PBXResourcesBuildPhase;
			buildActionMask = 2147483647;
			files = (
			);
			runOnlyForDeploymentPostprocessing = 0;
		};
		9A934EA92F54194E0063349A /* Resources */ = {
			isa = PBXResourcesBuildPhase;
			buildActionMask = 2147483647;
			files = (
			);
			runOnlyForDeploymentPostprocessing = 0;
		};
		9A934EB32F54194E0063349A /* Resources */ = {
			isa = PBXResourcesBuildPhase;
			buildActionMask = 2147483647;
			files = (
			);
			runOnlyForDeploymentPostprocessing = 0;
		};
/* End PBXResourcesBuildPhase section */

/* Begin PBXShellScriptBuildPhase section */
		32C8B5852F822036002E6747 /* Run SwiftLint */ = {
			isa = PBXShellScriptBuildPhase;
			alwaysOutOfDate = 1;
			buildActionMask = 2147483647;
			files = (
			);
			inputFileListPaths = (
			);
			inputPaths = (
			);
			name = "Run SwiftLint";
			outputFileListPaths = (
			);
			outputPaths = (
			);
			runOnlyForDeploymentPostprocessing = 0;
			shellPath = /bin/sh;
			shellScript = "export PATH=\"$PATH:/opt/homebrew/bin:/usr/local/bin\"\ncd \"${SRCROOT}\"\nif command -v swiftlint >/dev/null 2>&1; then\n  swiftlint lint --strict\nelse\n  echo \"warning: SwiftLint not installed; install with: brew install swiftlint\"\nfi\n";
			showEnvVarsInLog = 0;
		};
		9A934EC92F54194E0063349A /* Strip ScreenshotDemo for Release */ = {
			isa = PBXShellScriptBuildPhase;
			alwaysOutOfDate = 1;
			buildActionMask = 2147483647;
			files = (
			);
			inputFileListPaths = (
			);
			inputPaths = (
			);
			name = "Strip ScreenshotDemo for Release";
			outputFileListPaths = (
			);
			outputPaths = (
			);
			runOnlyForDeploymentPostprocessing = 0;
			shellPath = /bin/sh;
			shellScript = "# Strip ScreenshotDemo assets from Release app bundle (not shipped to App Store users).\n# File-system sync may place PNGs at bundle root and/or under ScreenshotDemo/.\nif [ \"${CONFIGURATION}\" = \"Release\" ]; then\n  APP_ROOT=\"${CODESIGNING_FOLDER_PATH}\"\n  find \"$APP_ROOT\" -name 'screenshot_demo_*.png' -delete\n  for path in \"$APP_ROOT/ScreenshotDemo\" \"$APP_ROOT/Resources/ScreenshotDemo\"; do\n    if [ -d \"$path\" ]; then\n      rm -rf \"$path\"\n    fi\n  done\nfi\n";
			showEnvVarsInLog = 0;
		};
		F0C0A1B22D3E4F5600010001 /* Embed Git Commit Info */ = {
			isa = PBXShellScriptBuildPhase;
			alwaysOutOfDate = 1;
			buildActionMask = 2147483647;
			files = (
			);
			inputFileListPaths = (
			);
			inputPaths = (
				"$(SRCROOT)/.git/HEAD",
			);
			name = "Embed Git Commit Info";
			outputFileListPaths = (
			);
			outputPaths = (
				"$(DERIVED_FILE_DIR)/git-commit-info.txt",
			);
			runOnlyForDeploymentPostprocessing = 0;
			shellPath = /bin/sh;
			shellScript = "export PATH=\"$PATH:/opt/homebrew/bin:/usr/local/bin\"\nCOMMIT_HASH=\"$(git -C \"$SRCROOT\" rev-parse --short=12 HEAD 2>/dev/null || echo unknown)\"\n/usr/libexec/PlistBuddy -c \"Delete :LiShuGitCommit\" \"$TARGET_BUILD_DIR/$INFOPLIST_PATH\" >/dev/null 2>&1 || true\n/usr/libexec/PlistBuddy -c \"Add :LiShuGitCommit string $COMMIT_HASH\" \"$TARGET_BUILD_DIR/$INFOPLIST_PATH\"\nprintf '%s' \"$COMMIT_HASH\" > \"$DERIVED_FILE_DIR/git-commit-info.txt\"\n";
			showEnvVarsInLog = 0;
		};
/* End PBXShellScriptBuildPhase section */

/* Begin PBXSourcesBuildPhase section */
		9A934E962F54194D0063349A /* Sources */ = {
			isa = PBXSourcesBuildPhase;
			buildActionMask = 2147483647;
			files = (
			);
			runOnlyForDeploymentPostprocessing = 0;
		};
		9A934EA72F54194E0063349A /* Sources */ = {
			isa = PBXSourcesBuildPhase;
			buildActionMask = 2147483647;
			files = (
			);
			runOnlyForDeploymentPostprocessing = 0;
		};
		9A934EB12F54194E0063349A /* Sources */ = {
			isa = PBXSourcesBuildPhase;
			buildActionMask = 2147483647;
			files = (
			);
			runOnlyForDeploymentPostprocessing = 0;
		};
/* End PBXSourcesBuildPhase section */

/* Begin PBXTargetDependency section */
		9A934EAD2F54194E0063349A /* PBXTargetDependency */ = {
			isa = PBXTargetDependency;
			target = 9A934E992F54194D0063349A /* LiShu */;
			targetProxy = 9A934EAC2F54194E0063349A /* PBXContainerItemProxy */;
		};
		9A934EB72F54194E0063349A /* PBXTargetDependency */ = {
			isa = PBXTargetDependency;
			target = 9A934E992F54194D0063349A /* LiShu */;
			targetProxy = 9A934EB62F54194E0063349A /* PBXContainerItemProxy */;
		};
/* End PBXTargetDependency section */

/* Begin XCBuildConfiguration section */
		9A934EBF2F54194E0063349A /* Debug */ = {
			isa = XCBuildConfiguration;
			buildSettings = {
				ASSETCATALOG_COMPILER_APPICON_NAME = AppIcon;
				ASSETCATALOG_COMPILER_GLOBAL_ACCENT_COLOR_NAME = AccentColor;
				CODE_SIGN_ENTITLEMENTS = LiShu/LiShu.entitlements;
				CODE_SIGN_STYLE = Automatic;
				CURRENT_PROJECT_VERSION = 1;
				DEVELOPMENT_TEAM = QFNEHUV3DG;
				ENABLE_PREVIEWS = YES;
				ENABLE_USER_SCRIPT_SANDBOXING = NO;
				GENERATE_INFOPLIST_FILE = YES;
				INFOPLIST_FILE = LiShu/Info.plist;
				INFOPLIST_KEY_LSApplicationCategoryType = "public.app-category.finance";
				INFOPLIST_KEY_UIApplicationSceneManifest_Generation = YES;
				INFOPLIST_KEY_UIApplicationSupportsIndirectInputEvents = YES;
				INFOPLIST_KEY_UILaunchScreen_Generation = YES;
				INFOPLIST_KEY_UISupportedInterfaceOrientations_iPad = "UIInterfaceOrientationPortrait UIInterfaceOrientationPortraitUpsideDown UIInterfaceOrientationLandscapeLeft UIInterfaceOrientationLandscapeRight";
				INFOPLIST_KEY_UISupportedInterfaceOrientations_iPhone = "UIInterfaceOrientationPortrait UIInterfaceOrientationLandscapeLeft UIInterfaceOrientationLandscapeRight";
				IPHONEOS_DEPLOYMENT_TARGET = 17.0;
				LD_RUNPATH_SEARCH_PATHS = (
					"$(inherited)",
					"@executable_path/Frameworks",
				);
				MARKETING_VERSION = 1.1.13;
				PRODUCT_BUNDLE_IDENTIFIER = com.finefine.LiShu;
				PRODUCT_NAME = "$(TARGET_NAME)";
				STRING_CATALOG_GENERATE_SYMBOLS = YES;
				SUPPORTED_PLATFORMS = "iphoneos iphonesimulator";
				SUPPORTS_MACCATALYST = NO;
				SUPPORTS_MAC_DESIGNED_FOR_IPHONE_IPAD = NO;
				SUPPORTS_XR_DESIGNED_FOR_IPHONE_IPAD = NO;
				SWIFT_APPROACHABLE_CONCURRENCY = YES;
				SWIFT_DEFAULT_ACTOR_ISOLATION = MainActor;
				SWIFT_EMIT_LOC_STRINGS = YES;
				SWIFT_UPCOMING_FEATURE_MEMBER_IMPORT_VISIBILITY = YES;
				SWIFT_VERSION = 5.0;
				TARGETED_DEVICE_FAMILY = 1;
			};
			name = Debug;
		};
		9A934EC02F54194E0063349A /* Release */ = {
			isa = XCBuildConfiguration;
			buildSettings = {
				ASSETCATALOG_COMPILER_APPICON_NAME = AppIcon;
				ASSETCATALOG_COMPILER_GLOBAL_ACCENT_COLOR_NAME = AccentColor;
				CODE_SIGN_ENTITLEMENTS = LiShu/LiShu.entitlements;
				CODE_SIGN_STYLE = Automatic;
				CURRENT_PROJECT_VERSION = 1;
				DEVELOPMENT_TEAM = QFNEHUV3DG;
				ENABLE_PREVIEWS = YES;
				ENABLE_USER_SCRIPT_SANDBOXING = NO;
				GENERATE_INFOPLIST_FILE = YES;
				INFOPLIST_FILE = LiShu/Info.plist;
				INFOPLIST_KEY_LSApplicationCategoryType = "public.app-category.finance";
				INFOPLIST_KEY_UIApplicationSceneManifest_Generation = YES;
				INFOPLIST_KEY_UIApplicationSupportsIndirectInputEvents = YES;
				INFOPLIST_KEY_UILaunchScreen_Generation = YES;
				INFOPLIST_KEY_UISupportedInterfaceOrientations_iPad = "UIInterfaceOrientationPortrait UIInterfaceOrientationPortraitUpsideDown UIInterfaceOrientationLandscapeLeft UIInterfaceOrientationLandscapeRight";
				INFOPLIST_KEY_UISupportedInterfaceOrientations_iPhone = "UIInterfaceOrientationPortrait UIInterfaceOrientationLandscapeLeft UIInterfaceOrientationLandscapeRight";
				IPHONEOS_DEPLOYMENT_TARGET = 17.0;
				LD_RUNPATH_SEARCH_PATHS = (
					"$(inherited)",
					"@executable_path/Frameworks",
				);
				MARKETING_VERSION = 1.1.13;
				PRODUCT_BUNDLE_IDENTIFIER = com.finefine.LiShu;
				PRODUCT_NAME = "$(TARGET_NAME)";
				STRING_CATALOG_GENERATE_SYMBOLS = YES;
				SUPPORTED_PLATFORMS = "iphoneos iphonesimulator";
				SUPPORTS_MACCATALYST = NO;
				SUPPORTS_MAC_DESIGNED_FOR_IPHONE_IPAD = NO;
				SUPPORTS_XR_DESIGNED_FOR_IPHONE_IPAD = NO;
				SWIFT_APPROACHABLE_CONCURRENCY = YES;
				SWIFT_DEFAULT_ACTOR_ISOLATION = MainActor;
				SWIFT_EMIT_LOC_STRINGS = YES;
				SWIFT_UPCOMING_FEATURE_MEMBER_IMPORT_VISIBILITY = YES;
				SWIFT_VERSION = 5.0;
				TARGETED_DEVICE_FAMILY = 1;
			};
			name = Release;
		};
		9A934EC12F54194E0063349A /* Debug */ = {
			isa = XCBuildConfiguration;
			buildSettings = {
				ALWAYS_SEARCH_USER_PATHS = NO;
				ASSETCATALOG_COMPILER_GENERATE_SWIFT_ASSET_SYMBOL_EXTENSIONS = YES;
				CLANG_ANALYZER_NONNULL = YES;
				CLANG_ANALYZER_NUMBER_OBJECT_CONVERSION = YES_AGGRESSIVE;
				CLANG_CXX_LANGUAGE_STANDARD = "gnu++20";
				CLANG_ENABLE_MODULES = YES;
				CLANG_ENABLE_OBJC_ARC = YES;
				CLANG_ENABLE_OBJC_WEAK = YES;
				CLANG_WARN_BLOCK_CAPTURE_AUTORELEASING = YES;
				CLANG_WARN_BOOL_CONVERSION = YES;
				CLANG_WARN_COMMA = YES;
				CLANG_WARN_CONSTANT_CONVERSION = YES;
				CLANG_WARN_DEPRECATED_OBJC_IMPLEMENTATIONS = YES;
				CLANG_WARN_DIRECT_OBJC_ISA_USAGE = YES_ERROR;
				CLANG_WARN_DOCUMENTATION_COMMENTS = YES;
				CLANG_WARN_EMPTY_BODY = YES;
				CLANG_WARN_ENUM_CONVERSION = YES;
				CLANG_WARN_INFINITE_RECURSION = YES;
				CLANG_WARN_INT_CONVERSION = YES;
				CLANG_WARN_NON_LITERAL_NULL_CONVERSION = YES;
				CLANG_WARN_OBJC_IMPLICIT_RETAIN_SELF = YES;
				CLANG_WARN_OBJC_LITERAL_CONVERSION = YES;
				CLANG_WARN_OBJC_ROOT_CLASS = YES_ERROR;
				CLANG_WARN_QUOTED_INCLUDE_IN_FRAMEWORK_HEADER = YES;
				CLANG_WARN_RANGE_LOOP_ANALYSIS = YES;
				CLANG_WARN_STRICT_PROTOTYPES = YES;
				CLANG_WARN_SUSPICIOUS_MOVE = YES;
				CLANG_WARN_UNGUARDED_AVAILABILITY = YES_AGGRESSIVE;
				CLANG_WARN_UNREACHABLE_CODE = YES;
				CLANG_WARN__DUPLICATE_METHOD_MATCH = YES;
				COPY_PHASE_STRIP = NO;
				DEBUG_INFORMATION_FORMAT = dwarf;
				DEVELOPMENT_TEAM = QFNEHUV3DG;
				ENABLE_STRICT_OBJC_MSGSEND = YES;
				ENABLE_TESTABILITY = YES;
				ENABLE_USER_SCRIPT_SANDBOXING = YES;
				"EXCLUDED_ARCHS[sdk=iphonesimulator*]" = x86_64;
				GCC_C_LANGUAGE_STANDARD = gnu17;
				GCC_DYNAMIC_NO_PIC = NO;
				GCC_NO_COMMON_BLOCKS = YES;
				GCC_OPTIMIZATION_LEVEL = 0;
				GCC_PREPROCESSOR_DEFINITIONS = (
					"DEBUG=1",
					"$(inherited)",
				);
				GCC_WARN_64_TO_32_BIT_CONVERSION = YES;
				GCC_WARN_ABOUT_RETURN_TYPE = YES_ERROR;
				GCC_WARN_UNDECLARED_SELECTOR = YES;
				GCC_WARN_UNINITIALIZED_AUTOS = YES_AGGRESSIVE;
				GCC_WARN_UNUSED_FUNCTION = YES;
				GCC_WARN_UNUSED_VARIABLE = YES;
				IPHONEOS_DEPLOYMENT_TARGET = 17.0;
				LOCALIZATION_PREFERS_STRING_CATALOGS = YES;
				MTL_ENABLE_DEBUG_INFO = INCLUDE_SOURCE;
				MTL_FAST_MATH = YES;
				ONLY_ACTIVE_ARCH = YES;
				SDKROOT = iphoneos;
				SWIFT_ACTIVE_COMPILATION_CONDITIONS = "DEBUG $(inherited)";
				SWIFT_OPTIMIZATION_LEVEL = "-Onone";
			};
			name = Debug;
		};
		9A934EC22F54194E0063349A /* Release */ = {
			isa = XCBuildConfiguration;
			buildSettings = {
				ALWAYS_SEARCH_USER_PATHS = NO;
				ASSETCATALOG_COMPILER_GENERATE_SWIFT_ASSET_SYMBOL_EXTENSIONS = YES;
				CLANG_ANALYZER_NONNULL = YES;
				CLANG_ANALYZER_NUMBER_OBJECT_CONVERSION = YES_AGGRESSIVE;
				CLANG_CXX_LANGUAGE_STANDARD = "gnu++20";
				CLANG_ENABLE_MODULES = YES;
				CLANG_ENABLE_OBJC_ARC = YES;
				CLANG_ENABLE_OBJC_WEAK = YES;
				CLANG_WARN_BLOCK_CAPTURE_AUTORELEASING = YES;
				CLANG_WARN_BOOL_CONVERSION = YES;
				CLANG_WARN_COMMA = YES;
				CLANG_WARN_CONSTANT_CONVERSION = YES;
				CLANG_WARN_DEPRECATED_OBJC_IMPLEMENTATIONS = YES;
				CLANG_WARN_DIRECT_OBJC_ISA_USAGE = YES_ERROR;
				CLANG_WARN_DOCUMENTATION_COMMENTS = YES;
				CLANG_WARN_EMPTY_BODY = YES;
				CLANG_WARN_ENUM_CONVERSION = YES;
				CLANG_WARN_INFINITE_RECURSION = YES;
				CLANG_WARN_INT_CONVERSION = YES;
				CLANG_WARN_NON_LITERAL_NULL_CONVERSION = YES;
				CLANG_WARN_OBJC_IMPLICIT_RETAIN_SELF = YES;
				CLANG_WARN_OBJC_LITERAL_CONVERSION = YES;
				CLANG_WARN_OBJC_ROOT_CLASS = YES_ERROR;
				CLANG_WARN_QUOTED_INCLUDE_IN_FRAMEWORK_HEADER = YES;
				CLANG_WARN_RANGE_LOOP_ANALYSIS = YES;
				CLANG_WARN_STRICT_PROTOTYPES = YES;
				CLANG_WARN_SUSPICIOUS_MOVE = YES;
				CLANG_WARN_UNGUARDED_AVAILABILITY = YES_AGGRESSIVE;
				CLANG_WARN_UNREACHABLE_CODE = YES;
				CLANG_WARN__DUPLICATE_METHOD_MATCH = YES;
				COPY_PHASE_STRIP = NO;
				DEBUG_INFORMATION_FORMAT = "dwarf-with-dsym";
				DEVELOPMENT_TEAM = QFNEHUV3DG;
				ENABLE_NS_ASSERTIONS = NO;
				ENABLE_STRICT_OBJC_MSGSEND = YES;
				ENABLE_USER_SCRIPT_SANDBOXING = YES;
				"EXCLUDED_ARCHS[sdk=iphonesimulator*]" = x86_64;
				GCC_C_LANGUAGE_STANDARD = gnu17;
				GCC_NO_COMMON_BLOCKS = YES;
				GCC_WARN_64_TO_32_BIT_CONVERSION = YES;
				GCC_WARN_ABOUT_RETURN_TYPE = YES_ERROR;
				GCC_WARN_UNDECLARED_SELECTOR = YES;
				GCC_WARN_UNINITIALIZED_AUTOS = YES_AGGRESSIVE;
				GCC_WARN_UNUSED_FUNCTION = YES;
				GCC_WARN_UNUSED_VARIABLE = YES;
				IPHONEOS_DEPLOYMENT_TARGET = 17.0;
				LOCALIZATION_PREFERS_STRING_CATALOGS = YES;
				MTL_ENABLE_DEBUG_INFO = NO;
				MTL_FAST_MATH = YES;
				SDKROOT = iphoneos;
				SWIFT_COMPILATION_MODE = wholemodule;
				VALIDATE_PRODUCT = YES;
			};
			name = Release;
		};
		9A934EC42F54194E0063349A /* Debug */ = {
			isa = XCBuildConfiguration;
			buildSettings = {
				BUNDLE_LOADER = "$(TEST_HOST)";
				CODE_SIGN_STYLE = Automatic;
				CURRENT_PROJECT_VERSION = 7;
				DEVELOPMENT_TEAM = QFNEHUV3DG;
				GENERATE_INFOPLIST_FILE = YES;
				IPHONEOS_DEPLOYMENT_TARGET = 17.0;
				MARKETING_VERSION = 1.0;
				PRODUCT_BUNDLE_IDENTIFIER = com.finefine.LiShuTests;
				PRODUCT_NAME = "$(TARGET_NAME)";
				STRING_CATALOG_GENERATE_SYMBOLS = NO;
				SWIFT_APPROACHABLE_CONCURRENCY = YES;
				SWIFT_EMIT_LOC_STRINGS = NO;
				SWIFT_UPCOMING_FEATURE_MEMBER_IMPORT_VISIBILITY = YES;
				SWIFT_VERSION = 5.0;
				TARGETED_DEVICE_FAMILY = "1,2";
				TEST_HOST = "$(BUILT_PRODUCTS_DIR)/LiShu.app/$(BUNDLE_EXECUTABLE_FOLDER_PATH)/LiShu";
			};
			name = Debug;
		};
		9A934EC52F54194E0063349A /* Release */ = {
			isa = XCBuildConfiguration;
			buildSettings = {
				BUNDLE_LOADER = "$(TEST_HOST)";
				CODE_SIGN_STYLE = Automatic;
				CURRENT_PROJECT_VERSION = 7;
				DEVELOPMENT_TEAM = QFNEHUV3DG;
				GENERATE_INFOPLIST_FILE = YES;
				IPHONEOS_DEPLOYMENT_TARGET = 17.0;
				MARKETING_VERSION = 1.0;
				PRODUCT_BUNDLE_IDENTIFIER = com.finefine.LiShuTests;
				PRODUCT_NAME = "$(TARGET_NAME)";
				STRING_CATALOG_GENERATE_SYMBOLS = NO;
				SWIFT_APPROACHABLE_CONCURRENCY = YES;
				SWIFT_EMIT_LOC_STRINGS = NO;
				SWIFT_UPCOMING_FEATURE_MEMBER_IMPORT_VISIBILITY = YES;
				SWIFT_VERSION = 5.0;
				TARGETED_DEVICE_FAMILY = "1,2";
				TEST_HOST = "$(BUILT_PRODUCTS_DIR)/LiShu.app/$(BUNDLE_EXECUTABLE_FOLDER_PATH)/LiShu";
			};
			name = Release;
		};
		9A934EC72F54194E0063349A /* Debug */ = {
			isa = XCBuildConfiguration;
			buildSettings = {
				CODE_SIGN_STYLE = Automatic;
				CURRENT_PROJECT_VERSION = 7;
				DEVELOPMENT_TEAM = QFNEHUV3DG;
				GENERATE_INFOPLIST_FILE = YES;
				MARKETING_VERSION = 1.0;
				PRODUCT_BUNDLE_IDENTIFIER = com.finefine.LiShuUITests;
				PRODUCT_NAME = "$(TARGET_NAME)";
				STRING_CATALOG_GENERATE_SYMBOLS = NO;
				SWIFT_APPROACHABLE_CONCURRENCY = YES;
				SWIFT_EMIT_LOC_STRINGS = NO;
				SWIFT_UPCOMING_FEATURE_MEMBER_IMPORT_VISIBILITY = YES;
				SWIFT_VERSION = 5.0;
				TARGETED_DEVICE_FAMILY = "1,2";
				TEST_TARGET_NAME = LiShu;
			};
			name = Debug;
		};
		9A934EC82F54194E0063349A /* Release */ = {
			isa = XCBuildConfiguration;
			buildSettings = {
				CODE_SIGN_STYLE = Automatic;
				CURRENT_PROJECT_VERSION = 7;
				DEVELOPMENT_TEAM = QFNEHUV3DG;
				GENERATE_INFOPLIST_FILE = YES;
				MARKETING_VERSION = 1.0;
				PRODUCT_BUNDLE_IDENTIFIER = com.finefine.LiShuUITests;
				PRODUCT_NAME = "$(TARGET_NAME)";
				STRING_CATALOG_GENERATE_SYMBOLS = NO;
				SWIFT_APPROACHABLE_CONCURRENCY = YES;
				SWIFT_EMIT_LOC_STRINGS = NO;
				SWIFT_UPCOMING_FEATURE_MEMBER_IMPORT_VISIBILITY = YES;
				SWIFT_VERSION = 5.0;
				TARGETED_DEVICE_FAMILY = "1,2";
				TEST_TARGET_NAME = LiShu;
			};
			name = Release;
		};
/* End XCBuildConfiguration section */

/* Begin XCConfigurationList section */
		9A934E952F54194D0063349A /* Build configuration list for PBXProject "LiShu" */ = {
			isa = XCConfigurationList;
			buildConfigurations = (
				9A934EC12F54194E0063349A /* Debug */,
				9A934EC22F54194E0063349A /* Release */,
			);
			defaultConfigurationIsVisible = 0;
			defaultConfigurationName = Release;
		};
		9A934EBE2F54194E0063349A /* Build configuration list for PBXNativeTarget "LiShu" */ = {
			isa = XCConfigurationList;
			buildConfigurations = (
				9A934EBF2F54194E0063349A /* Debug */,
				9A934EC02F54194E0063349A /* Release */,
			);
			defaultConfigurationIsVisible = 0;
			defaultConfigurationName = Release;
		};
		9A934EC32F54194E0063349A /* Build configuration list for PBXNativeTarget "LiShuTests" */ = {
			isa = XCConfigurationList;
			buildConfigurations = (
				9A934EC42F54194E0063349A /* Debug */,
				9A934EC52F54194E0063349A /* Release */,
			);
			defaultConfigurationIsVisible = 0;
			defaultConfigurationName = Release;
		};
		9A934EC62F54194E0063349A /* Build configuration list for PBXNativeTarget "LiShuUITests" */ = {
			isa = XCConfigurationList;
			buildConfigurations = (
				9A934EC72F54194E0063349A /* Debug */,
				9A934EC82F54194E0063349A /* Release */,
			);
			defaultConfigurationIsVisible = 0;
			defaultConfigurationName = Release;
		};
/* End XCConfigurationList section */

/* Begin XCRemoteSwiftPackageReference section */
		32C8B57F2F822036002E6746 /* XCRemoteSwiftPackageReference "swift-log" */ = {
			isa = XCRemoteSwiftPackageReference;
			repositoryURL = "https://github.com/apple/swift-log.git";
			requirement = {
				kind = upToNextMajorVersion;
				minimumVersion = 1.5.2;
			};
		};
		32C8B5802F822036002E6746 /* XCRemoteSwiftPackageReference "PulseLogHandler" */ = {
			isa = XCRemoteSwiftPackageReference;
			repositoryURL = "https://github.com/kean/PulseLogHandler";
			requirement = {
				kind = upToNextMajorVersion;
				minimumVersion = 5.0.0;
			};
		};
		9A934ECA2F54194E0063349A /* XCRemoteSwiftPackageReference "Pulse" */ = {
			isa = XCRemoteSwiftPackageReference;
			repositoryURL = "https://github.com/kean/Pulse";
			requirement = {
				kind = upToNextMajorVersion;
				minimumVersion = 5.0.0;
			};
		};
		B7A1000521C34D5600AA1101 /* XCRemoteSwiftPackageReference "ZipArchive" */ = {
			isa = XCRemoteSwiftPackageReference;
			repositoryURL = "https://github.com/ZipArchive/ZipArchive.git";
			requirement = {
				kind = upToNextMajorVersion;
				minimumVersion = 2.5.0;
			};
		};
/* End XCRemoteSwiftPackageReference section */

/* Begin XCSwiftPackageProductDependency section */
		32C8B5812F822036002E6746 /* Logging */ = {
			isa = XCSwiftPackageProductDependency;
			package = 32C8B57F2F822036002E6746 /* XCRemoteSwiftPackageReference "swift-log" */;
			productName = Logging;
		};
		32C8B5822F822036002E6746 /* PulseLogHandler */ = {
			isa = XCSwiftPackageProductDependency;
			package = 32C8B5802F822036002E6746 /* XCRemoteSwiftPackageReference "PulseLogHandler" */;
			productName = PulseLogHandler;
		};
		32C8B5832F822036002E6746 /* Logging */ = {
			isa = XCSwiftPackageProductDependency;
			package = 32C8B57F2F822036002E6746 /* XCRemoteSwiftPackageReference "swift-log" */;
			productName = Logging;
		};
		9A934ECB2F54194E0063349A /* Pulse */ = {
			isa = XCSwiftPackageProductDependency;
			package = 9A934ECA2F54194E0063349A /* XCRemoteSwiftPackageReference "Pulse" */;
			productName = Pulse;
		};
		9A934ECD2F54194E0063349A /* PulseUI */ = {
			isa = XCSwiftPackageProductDependency;
			package = 9A934ECA2F54194E0063349A /* XCRemoteSwiftPackageReference "Pulse" */;
			productName = PulseUI;
		};
		B7A1000321C34D5600AA1101 /* ZipArchive */ = {
			isa = XCSwiftPackageProductDependency;
			package = B7A1000521C34D5600AA1101 /* XCRemoteSwiftPackageReference "ZipArchive" */;
			productName = ZipArchive;
		};
		B7A1000421C34D5600AA1101 /* ZipArchive */ = {
			isa = XCSwiftPackageProductDependency;
			package = B7A1000521C34D5600AA1101 /* XCRemoteSwiftPackageReference "ZipArchive" */;
			productName = ZipArchive;
		};
/* End XCSwiftPackageProductDependency section */
	};
	rootObject = 9A934E922F54194D0063349A /* Project object */;
}
